// !$*UTF8*$!
{
	archiveVersion = 1;
	classes = {
	};
	objectVersion = 48;
	objects = {

/* Begin PBXBuildFile section */
		77B8627E1FD3EA0800C8CFE0 /* AppDelegate.swift in Sources */ = {isa = PBXBuildFile; fileRef = 77B8627D1FD3EA0800C8CFE0 /* AppDelegate.swift */; };
		77B862831FD3EA0800C8CFE0 /* Main.storyboard in Resources */ = {isa = PBXBuildFile; fileRef = 77B862811FD3EA0800C8CFE0 /* Main.storyboard */; };
		77B862861FD3EA0800C8CFE0 /* iOS_Components.xcdatamodeld in Sources */ = {isa = PBXBuildFile; fileRef = 77B862841FD3EA0800C8CFE0 /* iOS_Components.xcdatamodeld */; };
		77B862881FD3EA0800C8CFE0 /* Assets.xcassets in Resources */ = {isa = PBXBuildFile; fileRef = 77B862871FD3EA0800C8CFE0 /* Assets.xcassets */; };
		77B8628B1FD3EA0800C8CFE0 /* LaunchScreen.storyboard in Resources */ = {isa = PBXBuildFile; fileRef = 77B862891FD3EA0800C8CFE0 /* LaunchScreen.storyboard */; };
		77B862A41FD3EBCC00C8CFE0 /* StaticTVController.swift in Sources */ = {isa = PBXBuildFile; fileRef = 77B862A31FD3EBCC00C8CFE0 /* StaticTVController.swift */; };
		77B862A91FD3EC0800C8CFE0 /* DynamicTVController.swift in Sources */ = {isa = PBXBuildFile; fileRef = 77B862A81FD3EC0800C8CFE0 /* DynamicTVController.swift */; };
		77B862AC1FD3EC2900C8CFE0 /* DynamicTVCell.swift in Sources */ = {isa = PBXBuildFile; fileRef = 77B862AB1FD3EC2900C8CFE0 /* DynamicTVCell.swift */; };
		77B862AE1FD3EC6800C8CFE0 /* VerticalCVController.swift in Sources */ = {isa = PBXBuildFile; fileRef = 77B862AD1FD3EC6800C8CFE0 /* VerticalCVController.swift */; };
		77B862B01FD3EC8400C8CFE0 /* VerticalCVCell.swift in Sources */ = {isa = PBXBuildFile; fileRef = 77B862AF1FD3EC8400C8CFE0 /* VerticalCVCell.swift */; };
		77B862B21FD3EC9400C8CFE0 /* HorizontalCVCell.swift in Sources */ = {isa = PBXBuildFile; fileRef = 77B862B11FD3EC9400C8CFE0 /* HorizontalCVCell.swift */; };
		77B862B41FD3ECA700C8CFE0 /* HorizontalCVController.swift in Sources */ = {isa = PBXBuildFile; fileRef = 77B862B31FD3ECA700C8CFE0 /* HorizontalCVController.swift */; };
		77B862B61FD3ECB600C8CFE0 /* BasicViewController.swift in Sources */ = {isa = PBXBuildFile; fileRef = 77B862B51FD3ECB600C8CFE0 /* BasicViewController.swift */; };
		77B862B81FD3ECD600C8CFE0 /* TabBarViewController.swift in Sources */ = {isa = PBXBuildFile; fileRef = 77B862B71FD3ECD600C8CFE0 /* TabBarViewController.swift */; };
		77B862BC1FD3ED1B00C8CFE0 /* NavigationView.swift in Sources */ = {isa = PBXBuildFile; fileRef = 77B862BB1FD3ED1B00C8CFE0 /* NavigationView.swift */; };
		77B862BE1FD3ED2700C8CFE0 /* ScrollViewController.swift in Sources */ = {isa = PBXBuildFile; fileRef = 77B862BD1FD3ED2700C8CFE0 /* ScrollViewController.swift */; };
		77B862C01FD3ED2E00C8CFE0 /* TextViewController.swift in Sources */ = {isa = PBXBuildFile; fileRef = 77B862BF1FD3ED2E00C8CFE0 /* TextViewController.swift */; };
		77B862C21FD3ED3800C8CFE0 /* PickerViewController.swift in Sources */ = {isa = PBXBuildFile; fileRef = 77B862C11FD3ED3800C8CFE0 /* PickerViewController.swift */; };
		77B862C41FD3ED5000C8CFE0 /* WebktViewController.swift in Sources */ = {isa = PBXBuildFile; fileRef = 77B862C31FD3ED5000C8CFE0 /* WebktViewController.swift */; };
		77B862CA1FD3EDFD00C8CFE0 /* MasterTVController.swift in Sources */ = {isa = PBXBuildFile; fileRef = 77B862C91FD3EDFD00C8CFE0 /* MasterTVController.swift */; };
		77B862CC1FD3EE0C00C8CFE0 /* MasterTVCell.swift in Sources */ = {isa = PBXBuildFile; fileRef = 77B862CB1FD3EE0C00C8CFE0 /* MasterTVCell.swift */; };
		77B862CF1FD3EF9700C8CFE0 /* HelperClass.swift in Sources */ = {isa = PBXBuildFile; fileRef = 77B862CE1FD3EF9700C8CFE0 /* HelperClass.swift */; };
		77B862D71FD3F3B500C8CFE0 /* String.swift in Sources */ = {isa = PBXBuildFile; fileRef = 77B862D21FD3F3B400C8CFE0 /* String.swift */; };
		77B862D81FD3F3B500C8CFE0 /* UIButton.swift in Sources */ = {isa = PBXBuildFile; fileRef = 77B862D31FD3F3B400C8CFE0 /* UIButton.swift */; };
		77B862D91FD3F3B500C8CFE0 /* UIColor.swift in Sources */ = {isa = PBXBuildFile; fileRef = 77B862D41FD3F3B400C8CFE0 /* UIColor.swift */; };
		77B862DA1FD3F3B500C8CFE0 /* UILabel.swift in Sources */ = {isa = PBXBuildFile; fileRef = 77B862D51FD3F3B400C8CFE0 /* UILabel.swift */; };
		77B862DB1FD3F3B500C8CFE0 /* UIViewController.swift in Sources */ = {isa = PBXBuildFile; fileRef = 77B862D61FD3F3B400C8CFE0 /* UIViewController.swift */; };
		77B862E01FD3F42200C8CFE0 /* BaseButton.swift in Sources */ = {isa = PBXBuildFile; fileRef = 77B862DD1FD3F42200C8CFE0 /* BaseButton.swift */; };
		77B862E11FD3F42200C8CFE0 /* BaseLabel.swift in Sources */ = {isa = PBXBuildFile; fileRef = 77B862DE1FD3F42200C8CFE0 /* BaseLabel.swift */; };
		77B862E21FD3F42200C8CFE0 /* BaseCell.swift in Sources */ = {isa = PBXBuildFile; fileRef = 77B862DF1FD3F42200C8CFE0 /* BaseCell.swift */; };
		77B862E51FD3F9C600C8CFE0 /* Helper.swift in Sources */ = {isa = PBXBuildFile; fileRef = 77B862E41FD3F9C600C8CFE0 /* Helper.swift */; };
		77B862E81FD4004300C8CFE0 /* OuterCVController.swift in Sources */ = {isa = PBXBuildFile; fileRef = 77B862E71FD4004300C8CFE0 /* OuterCVController.swift */; };
		77B862EA1FD4005300C8CFE0 /* OuterCVCell.swift in Sources */ = {isa = PBXBuildFile; fileRef = 77B862E91FD4005300C8CFE0 /* OuterCVCell.swift */; };
		77B862EC1FD400F300C8CFE0 /* OuterTVController.swift in Sources */ = {isa = PBXBuildFile; fileRef = 77B862EB1FD400F300C8CFE0 /* OuterTVController.swift */; };
		77B862EE1FD4010000C8CFE0 /* OuterTVCell.swift in Sources */ = {isa = PBXBuildFile; fileRef = 77B862ED1FD4010000C8CFE0 /* OuterTVCell.swift */; };
		77F1FB0F1FD9966B001E32B6 /* ScrollLabelVC.swift in Sources */ = {isa = PBXBuildFile; fileRef = 77F1FB0E1FD9966B001E32B6 /* ScrollLabelVC.swift */; };
		77F1FB111FD9967D001E32B6 /* ScrollTextViewVC.swift in Sources */ = {isa = PBXBuildFile; fileRef = 77F1FB101FD9967D001E32B6 /* ScrollTextViewVC.swift */; };
		77F1FB131FD9B1C4001E32B6 /* ContentVC.swift in Sources */ = {isa = PBXBuildFile; fileRef = 77F1FB121FD9B1C4001E32B6 /* ContentVC.swift */; };
		77F1FB151FD9B217001E32B6 /* PageController.swift in Sources */ = {isa = PBXBuildFile; fileRef = 77F1FB141FD9B217001E32B6 /* PageController.swift */; };
		E096C9815575144AF6A6CDF7 /* Pods_iOS_Components.framework in Frameworks */ = {isa = PBXBuildFile; fileRef = 8DBAB2F1FC6AFBCFF0850A68 /* Pods_iOS_Components.framework */; };
/* End PBXBuildFile section */

/* Begin PBXFileReference section */
		0F38AED476DECB52D275E4EF /* Pods-iOS Components.release.xcconfig */ = {isa = PBXFileReference; includeInIndex = 1; lastKnownFileType = text.xcconfig; name = "Pods-iOS Components.release.xcconfig"; path = "Pods/Target Support Files/Pods-iOS Components/Pods-iOS Components.release.xcconfig"; sourceTree = "<group>"; };
		2FCF0CC61822E7600778101C /* Pods-iOS Components.debug.xcconfig */ = {isa = PBXFileReference; includeInIndex = 1; lastKnownFileType = text.xcconfig; name = "Pods-iOS Components.debug.xcconfig"; path = "Pods/Target Support Files/Pods-iOS Components/Pods-iOS Components.debug.xcconfig"; sourceTree = "<group>"; };
		77B8627A1FD3EA0800C8CFE0 /* iOS Components.app */ = {isa = PBXFileReference; explicitFileType = wrapper.application; includeInIndex = 0; path = "iOS Components.app"; sourceTree = BUILT_PRODUCTS_DIR; };
		77B8627D1FD3EA0800C8CFE0 /* AppDelegate.swift */ = {isa = PBXFileReference; lastKnownFileType = sourcecode.swift; path = AppDelegate.swift; sourceTree = "<group>"; };
		77B862821FD3EA0800C8CFE0 /* Base */ = {isa = PBXFileReference; lastKnownFileType = file.storyboard; name = Base; path = Base.lproj/Main.storyboard; sourceTree = "<group>"; };
		77B862851FD3EA0800C8CFE0 /* iOS_Components.xcdatamodel */ = {isa = PBXFileReference; lastKnownFileType = wrapper.xcdatamodel; path = iOS_Components.xcdatamodel; sourceTree = "<group>"; };
		77B862871FD3EA0800C8CFE0 /* Assets.xcassets */ = {isa = PBXFileReference; lastKnownFileType = folder.assetcatalog; path = Assets.xcassets; sourceTree = "<group>"; };
		77B8628A1FD3EA0800C8CFE0 /* Base */ = {isa = PBXFileReference; lastKnownFileType = file.storyboard; name = Base; path = Base.lproj/LaunchScreen.storyboard; sourceTree = "<group>"; };
		77B8628C1FD3EA0800C8CFE0 /* Info.plist */ = {isa = PBXFileReference; lastKnownFileType = text.plist.xml; path = Info.plist; sourceTree = "<group>"; };
		77B862A31FD3EBCC00C8CFE0 /* StaticTVController.swift */ = {isa = PBXFileReference; lastKnownFileType = sourcecode.swift; path = StaticTVController.swift; sourceTree = "<group>"; };
		77B862A81FD3EC0800C8CFE0 /* DynamicTVController.swift */ = {isa = PBXFileReference; lastKnownFileType = sourcecode.swift; path = DynamicTVController.swift; sourceTree = "<group>"; };
		77B862AB1FD3EC2900C8CFE0 /* DynamicTVCell.swift */ = {isa = PBXFileReference; lastKnownFileType = sourcecode.swift; path = DynamicTVCell.swift; sourceTree = "<group>"; };
		77B862AD1FD3EC6800C8CFE0 /* VerticalCVController.swift */ = {isa = PBXFileReference; lastKnownFileType = sourcecode.swift; path = VerticalCVController.swift; sourceTree = "<group>"; };
		77B862AF1FD3EC8400C8CFE0 /* VerticalCVCell.swift */ = {isa = PBXFileReference; lastKnownFileType = sourcecode.swift; path = VerticalCVCell.swift; sourceTree = "<group>"; };
		77B862B11FD3EC9400C8CFE0 /* HorizontalCVCell.swift */ = {isa = PBXFileReference; lastKnownFileType = sourcecode.swift; path = HorizontalCVCell.swift; sourceTree = "<group>"; };
		77B862B31FD3ECA700C8CFE0 /* HorizontalCVController.swift */ = {isa = PBXFileReference; lastKnownFileType = sourcecode.swift; path = HorizontalCVController.swift; sourceTree = "<group>"; };
		77B862B51FD3ECB600C8CFE0 /* BasicViewController.swift */ = {isa = PBXFileReference; lastKnownFileType = sourcecode.swift; path = BasicViewController.swift; sourceTree = "<group>"; };
		77B862B71FD3ECD600C8CFE0 /* TabBarViewController.swift */ = {isa = PBXFileReference; lastKnownFileType = sourcecode.swift; path = TabBarViewController.swift; sourceTree = "<group>"; };
		77B862BB1FD3ED1B00C8CFE0 /* NavigationView.swift */ = {isa = PBXFileReference; lastKnownFileType = sourcecode.swift; path = NavigationView.swift; sourceTree = "<group>"; };
		77B862BD1FD3ED2700C8CFE0 /* ScrollViewController.swift */ = {isa = PBXFileReference; lastKnownFileType = sourcecode.swift; path = ScrollViewController.swift; sourceTree = "<group>"; };
		77B862BF1FD3ED2E00C8CFE0 /* TextViewController.swift */ = {isa = PBXFileReference; lastKnownFileType = sourcecode.swift; path = TextViewController.swift; sourceTree = "<group>"; };
		77B862C11FD3ED3800C8CFE0 /* PickerViewController.swift */ = {isa = PBXFileReference; lastKnownFileType = sourcecode.swift; path = PickerViewController.swift; sourceTree = "<group>"; };
		77B862C31FD3ED5000C8CFE0 /* WebktViewController.swift */ = {isa = PBXFileReference; lastKnownFileType = sourcecode.swift; path = WebktViewController.swift; sourceTree = "<group>"; };
		77B862C91FD3EDFD00C8CFE0 /* MasterTVController.swift */ = {isa = PBXFileReference; lastKnownFileType = sourcecode.swift; path = MasterTVController.swift; sourceTree = "<group>"; };
		77B862CB1FD3EE0C00C8CFE0 /* MasterTVCell.swift */ = {isa = PBXFileReference; lastKnownFileType = sourcecode.swift; path = MasterTVCell.swift; sourceTree = "<group>"; };
		77B862CE1FD3EF9700C8CFE0 /* HelperClass.swift */ = {isa = PBXFileReference; lastKnownFileType = sourcecode.swift; path = HelperClass.swift; sourceTree = "<group>"; };
		77B862D21FD3F3B400C8CFE0 /* String.swift */ = {isa = PBXFileReference; fileEncoding = 4; lastKnownFileType = sourcecode.swift; path = String.swift; sourceTree = "<group>"; };
		77B862D31FD3F3B400C8CFE0 /* UIButton.swift */ = {isa = PBXFileReference; fileEncoding = 4; lastKnownFileType = sourcecode.swift; path = UIButton.swift; sourceTree = "<group>"; };
		77B862D41FD3F3B400C8CFE0 /* UIColor.swift */ = {isa = PBXFileReference; fileEncoding = 4; lastKnownFileType = sourcecode.swift; path = UIColor.swift; sourceTree = "<group>"; };
		77B862D51FD3F3B400C8CFE0 /* UILabel.swift */ = {isa = PBXFileReference; fileEncoding = 4; lastKnownFileType = sourcecode.swift; path = UILabel.swift; sourceTree = "<group>"; };
		77B862D61FD3F3B400C8CFE0 /* UIViewController.swift */ = {isa = PBXFileReference; fileEncoding = 4; lastKnownFileType = sourcecode.swift; path = UIViewController.swift; sourceTree = "<group>"; };
		77B862DD1FD3F42200C8CFE0 /* BaseButton.swift */ = {isa = PBXFileReference; fileEncoding = 4; lastKnownFileType = sourcecode.swift; path = BaseButton.swift; sourceTree = "<group>"; };
		77B862DE1FD3F42200C8CFE0 /* BaseLabel.swift */ = {isa = PBXFileReference; fileEncoding = 4; lastKnownFileType = sourcecode.swift; path = BaseLabel.swift; sourceTree = "<group>"; };
		77B862DF1FD3F42200C8CFE0 /* BaseCell.swift */ = {isa = PBXFileReference; fileEncoding = 4; lastKnownFileType = sourcecode.swift; path = BaseCell.swift; sourceTree = "<group>"; };
		77B862E41FD3F9C600C8CFE0 /* Helper.swift */ = {isa = PBXFileReference; lastKnownFileType = sourcecode.swift; path = Helper.swift; sourceTree = "<group>"; };
		77B862E71FD4004300C8CFE0 /* OuterCVController.swift */ = {isa = PBXFileReference; lastKnownFileType = sourcecode.swift; path = OuterCVController.swift; sourceTree = "<group>"; };
		77B862E91FD4005300C8CFE0 /* OuterCVCell.swift */ = {isa = PBXFileReference; lastKnownFileType = sourcecode.swift; path = OuterCVCell.swift; sourceTree = "<group>"; };
		77B862EB1FD400F300C8CFE0 /* OuterTVController.swift */ = {isa = PBXFileReference; lastKnownFileType = sourcecode.swift; path = OuterTVController.swift; sourceTree = "<group>"; };
		77B862ED1FD4010000C8CFE0 /* OuterTVCell.swift */ = {isa = PBXFileReference; lastKnownFileType = sourcecode.swift; path = OuterTVCell.swift; sourceTree = "<group>"; };
		77F1FB0E1FD9966B001E32B6 /* ScrollLabelVC.swift */ = {isa = PBXFileReference; lastKnownFileType = sourcecode.swift; path = ScrollLabelVC.swift; sourceTree = "<group>"; };
		77F1FB101FD9967D001E32B6 /* ScrollTextViewVC.swift */ = {isa = PBXFileReference; lastKnownFileType = sourcecode.swift; path = ScrollTextViewVC.swift; sourceTree = "<group>"; };
		77F1FB121FD9B1C4001E32B6 /* ContentVC.swift */ = {isa = PBXFileReference; lastKnownFileType = sourcecode.swift; path = ContentVC.swift; sourceTree = "<group>"; };
		77F1FB141FD9B217001E32B6 /* PageController.swift */ = {isa = PBXFileReference; lastKnownFileType = sourcecode.swift; path = PageController.swift; sourceTree = "<group>"; };
		8DBAB2F1FC6AFBCFF0850A68 /* Pods_iOS_Components.framework */ = {isa = PBXFileReference; explicitFileType = wrapper.framework; includeInIndex = 0; path = Pods_iOS_Components.framework; sourceTree = BUILT_PRODUCTS_DIR; };
/* End PBXFileReference section */

/* Begin PBXFrameworksBuildPhase section */
		77B862771FD3EA0800C8CFE0 /* Frameworks */ = {
			isa = PBXFrameworksBuildPhase;
			buildActionMask = 2147483647;
			files = (
				E096C9815575144AF6A6CDF7 /* Pods_iOS_Components.framework in Frameworks */,
			);
			runOnlyForDeploymentPostprocessing = 0;
		};
/* End PBXFrameworksBuildPhase section */

/* Begin PBXGroup section */
		148CCA5990077640073149A1 /* Frameworks */ = {
			isa = PBXGroup;
			children = (
				8DBAB2F1FC6AFBCFF0850A68 /* Pods_iOS_Components.framework */,
			);
			name = Frameworks;
			sourceTree = "<group>";
		};
		77B862711FD3EA0800C8CFE0 = {
			isa = PBXGroup;
			children = (
				77B8627C1FD3EA0800C8CFE0 /* iOS Components */,
				77B8627B1FD3EA0800C8CFE0 /* Products */,
				C87406D6054959995C7F8C4A /* Pods */,
				148CCA5990077640073149A1 /* Frameworks */,
			);
			sourceTree = "<group>";
		};
		77B8627B1FD3EA0800C8CFE0 /* Products */ = {
			isa = PBXGroup;
			children = (
				77B8627A1FD3EA0800C8CFE0 /* iOS Components.app */,
			);
			name = Products;
			sourceTree = "<group>";
		};
		77B8627C1FD3EA0800C8CFE0 /* iOS Components */ = {
			isa = PBXGroup;
			children = (
				77B862D11FD3F31900C8CFE0 /* Extensions */,
				77B862D01FD3EF9F00C8CFE0 /* Helper */,
				77B862C61FD3ED7E00C8CFE0 /* Controllers */,
				77B862C51FD3ED5F00C8CFE0 /* Delegate */,
				77B862C71FD3ED9200C8CFE0 /* View */,
				77B862C81FD3EDA000C8CFE0 /* Assets */,
				77B8628C1FD3EA0800C8CFE0 /* Info.plist */,
				77B862841FD3EA0800C8CFE0 /* iOS_Components.xcdatamodeld */,
			);
			path = "iOS Components";
			sourceTree = "<group>";
		};
		77B862921FD3EA2E00C8CFE0 /* TableViewController */ = {
			isa = PBXGroup;
			children = (
				77B862EF1FD4010500C8CFE0 /* MasterTV */,
				77B862A01FD3EB8600C8CFE0 /* Dynamic */,
				77B8629F1FD3EB7E00C8CFE0 /* Static */,
			);
			path = TableViewController;
			sourceTree = "<group>";
		};
		77B862941FD3EA4500C8CFE0 /* CollectionViewController */ = {
			isa = PBXGroup;
			children = (
				77B862E61FD4002C00C8CFE0 /* MasterCV */,
				77B862A21FD3EB8F00C8CFE0 /* Horizontal */,
				77B862A11FD3EB8B00C8CFE0 /* Vertical */,
			);
			path = CollectionViewController;
			sourceTree = "<group>";
		};
		77B862951FD3EA7D00C8CFE0 /* BasicController */ = {
			isa = PBXGroup;
			children = (
				77B862B51FD3ECB600C8CFE0 /* BasicViewController.swift */,
			);
			path = BasicController;
			sourceTree = "<group>";
		};
		77B862971FD3EA9100C8CFE0 /* TabBarController */ = {
			isa = PBXGroup;
			children = (
				77B862B71FD3ECD600C8CFE0 /* TabBarViewController.swift */,
			);
			path = TabBarController;
			sourceTree = "<group>";
		};
		77B862981FD3EAB000C8CFE0 /* PageViewController */ = {
			isa = PBXGroup;
			children = (
				77F1FB121FD9B1C4001E32B6 /* ContentVC.swift */,
				77F1FB141FD9B217001E32B6 /* PageController.swift */,
			);
			path = PageViewController;
			sourceTree = "<group>";
		};
		77B8629A1FD3EAD200C8CFE0 /* NavigationController */ = {
			isa = PBXGroup;
			children = (
				77B862BB1FD3ED1B00C8CFE0 /* NavigationView.swift */,
			);
			path = NavigationController;
			sourceTree = "<group>";
		};
		77B8629B1FD3EB0500C8CFE0 /* ScrollViewController */ = {
			isa = PBXGroup;
			children = (
				77B862BD1FD3ED2700C8CFE0 /* ScrollViewController.swift */,
				77F1FB0E1FD9966B001E32B6 /* ScrollLabelVC.swift */,
				77F1FB101FD9967D001E32B6 /* ScrollTextViewVC.swift */,
			);
			path = ScrollViewController;
			sourceTree = "<group>";
		};
		77B8629C1FD3EB1B00C8CFE0 /* TextViewController */ = {
			isa = PBXGroup;
			children = (
				77B862BF1FD3ED2E00C8CFE0 /* TextViewController.swift */,
			);
			path = TextViewController;
			sourceTree = "<group>";
		};
		77B8629D1FD3EB2F00C8CFE0 /* PickerViewController */ = {
			isa = PBXGroup;
			children = (
				77B862C11FD3ED3800C8CFE0 /* PickerViewController.swift */,
			);
			path = PickerViewController;
			sourceTree = "<group>";
		};
		77B8629E1FD3EB4500C8CFE0 /* WebKitController */ = {
			isa = PBXGroup;
			children = (
				77B862C31FD3ED5000C8CFE0 /* WebktViewController.swift */,
			);
			path = WebKitController;
			sourceTree = "<group>";
		};
		77B8629F1FD3EB7E00C8CFE0 /* Static */ = {
			isa = PBXGroup;
			children = (
				77B862A31FD3EBCC00C8CFE0 /* StaticTVController.swift */,
			);
			path = Static;
			sourceTree = "<group>";
		};
		77B862A01FD3EB8600C8CFE0 /* Dynamic */ = {
			isa = PBXGroup;
			children = (
				77B862A81FD3EC0800C8CFE0 /* DynamicTVController.swift */,
				77B862AB1FD3EC2900C8CFE0 /* DynamicTVCell.swift */,
			);
			path = Dynamic;
			sourceTree = "<group>";
		};
		77B862A11FD3EB8B00C8CFE0 /* Vertical */ = {
			isa = PBXGroup;
			children = (
				77B862AD1FD3EC6800C8CFE0 /* VerticalCVController.swift */,
				77B862AF1FD3EC8400C8CFE0 /* VerticalCVCell.swift */,
			);
			path = Vertical;
			sourceTree = "<group>";
		};
		77B862A21FD3EB8F00C8CFE0 /* Horizontal */ = {
			isa = PBXGroup;
			children = (
				77B862B31FD3ECA700C8CFE0 /* HorizontalCVController.swift */,
				77B862B11FD3EC9400C8CFE0 /* HorizontalCVCell.swift */,
			);
			path = Horizontal;
			sourceTree = "<group>";
		};
		77B862C51FD3ED5F00C8CFE0 /* Delegate */ = {
			isa = PBXGroup;
			children = (
				77B8627D1FD3EA0800C8CFE0 /* AppDelegate.swift */,
			);
			path = Delegate;
			sourceTree = "<group>";
		};
		77B862C61FD3ED7E00C8CFE0 /* Controllers */ = {
			isa = PBXGroup;
			children = (
				77B862CD1FD3EE1600C8CFE0 /* MasterController */,
				77B8629A1FD3EAD200C8CFE0 /* NavigationController */,
				77B862951FD3EA7D00C8CFE0 /* BasicController */,
				77B862921FD3EA2E00C8CFE0 /* TableViewController */,
				77B862941FD3EA4500C8CFE0 /* CollectionViewController */,
				77B862971FD3EA9100C8CFE0 /* TabBarController */,
				77B8629D1FD3EB2F00C8CFE0 /* PickerViewController */,
				77B8629C1FD3EB1B00C8CFE0 /* TextViewController */,
				77B8629B1FD3EB0500C8CFE0 /* ScrollViewController */,
				77B862981FD3EAB000C8CFE0 /* PageViewController */,
				77B8629E1FD3EB4500C8CFE0 /* WebKitController */,
			);
			path = Controllers;
			sourceTree = "<group>";
		};
		77B862C71FD3ED9200C8CFE0 /* View */ = {
			isa = PBXGroup;
			children = (
				77B862811FD3EA0800C8CFE0 /* Main.storyboard */,
				77B862891FD3EA0800C8CFE0 /* LaunchScreen.storyboard */,
			);
			path = View;
			sourceTree = "<group>";
		};
		77B862C81FD3EDA000C8CFE0 /* Assets */ = {
			isa = PBXGroup;
			children = (
				77B862871FD3EA0800C8CFE0 /* Assets.xcassets */,
			);
			path = Assets;
			sourceTree = "<group>";
		};
		77B862CD1FD3EE1600C8CFE0 /* MasterController */ = {
			isa = PBXGroup;
			children = (
				77B862C91FD3EDFD00C8CFE0 /* MasterTVController.swift */,
				77B862CB1FD3EE0C00C8CFE0 /* MasterTVCell.swift */,
			);
			path = MasterController;
			sourceTree = "<group>";
		};
		77B862D01FD3EF9F00C8CFE0 /* Helper */ = {
			isa = PBXGroup;
			children = (
				77B862E31FD3F42B00C8CFE0 /* Base */,
				77B862CE1FD3EF9700C8CFE0 /* HelperClass.swift */,
				77B862E41FD3F9C600C8CFE0 /* Helper.swift */,
			);
			path = Helper;
			sourceTree = "<group>";
		};
		77B862D11FD3F31900C8CFE0 /* Extensions */ = {
			isa = PBXGroup;
			children = (
				77B862D21FD3F3B400C8CFE0 /* String.swift */,
				77B862D31FD3F3B400C8CFE0 /* UIButton.swift */,
				77B862D41FD3F3B400C8CFE0 /* UIColor.swift */,
				77B862D51FD3F3B400C8CFE0 /* UILabel.swift */,
				77B862D61FD3F3B400C8CFE0 /* UIViewController.swift */,
			);
			path = Extensions;
			sourceTree = "<group>";
		};
		77B862E31FD3F42B00C8CFE0 /* Base */ = {
			isa = PBXGroup;
			children = (
				77B862DD1FD3F42200C8CFE0 /* BaseButton.swift */,
				77B862DF1FD3F42200C8CFE0 /* BaseCell.swift */,
				77B862DE1FD3F42200C8CFE0 /* BaseLabel.swift */,
			);
			path = Base;
			sourceTree = "<group>";
		};
		77B862E61FD4002C00C8CFE0 /* MasterCV */ = {
			isa = PBXGroup;
			children = (
				77B862E71FD4004300C8CFE0 /* OuterCVController.swift */,
				77B862E91FD4005300C8CFE0 /* OuterCVCell.swift */,
			);
			path = MasterCV;
			sourceTree = "<group>";
		};
		77B862EF1FD4010500C8CFE0 /* MasterTV */ = {
			isa = PBXGroup;
			children = (
				77B862EB1FD400F300C8CFE0 /* OuterTVController.swift */,
				77B862ED1FD4010000C8CFE0 /* OuterTVCell.swift */,
			);
			path = MasterTV;
			sourceTree = "<group>";
		};
		C87406D6054959995C7F8C4A /* Pods */ = {
			isa = PBXGroup;
			children = (
				2FCF0CC61822E7600778101C /* Pods-iOS Components.debug.xcconfig */,
				0F38AED476DECB52D275E4EF /* Pods-iOS Components.release.xcconfig */,
			);
			name = Pods;
			sourceTree = "<group>";
		};
/* End PBXGroup section */

/* Begin PBXNativeTarget section */
		77B862791FD3EA0800C8CFE0 /* iOS Components */ = {
			isa = PBXNativeTarget;
			buildConfigurationList = 77B8628F1FD3EA0800C8CFE0 /* Build configuration list for PBXNativeTarget "iOS Components" */;
			buildPhases = (
				E6BD200363FE296F4D4D4C4E /* [CP] Check Pods Manifest.lock */,
				77B862761FD3EA0800C8CFE0 /* Sources */,
				77B862771FD3EA0800C8CFE0 /* Frameworks */,
				77B862781FD3EA0800C8CFE0 /* Resources */,
				414061A27493CDFD036A7F92 /* [CP] Embed Pods Frameworks */,
				E4F629A544A28ADB03E05544 /* [CP] Copy Pods Resources */,
			);
			buildRules = (
			);
			dependencies = (
			);
			name = "iOS Components";
			productName = "iOS Components";
			productReference = 77B8627A1FD3EA0800C8CFE0 /* iOS Components.app */;
			productType = "com.apple.product-type.application";
		};
/* End PBXNativeTarget section */

/* Begin PBXProject section */
		77B862721FD3EA0800C8CFE0 /* Project object */ = {
			isa = PBXProject;
			attributes = {
				LastSwiftUpdateCheck = 0910;
				LastUpgradeCheck = 0910;
				ORGANIZATIONNAME = "Deepak Kumar Dewani";
				TargetAttributes = {
					77B862791FD3EA0800C8CFE0 = {
						CreatedOnToolsVersion = 9.1;
						ProvisioningStyle = Automatic;
					};
				};
			};
			buildConfigurationList = 77B862751FD3EA0800C8CFE0 /* Build configuration list for PBXProject "iOS Components" */;
			compatibilityVersion = "Xcode 8.0";
			developmentRegion = en;
			hasScannedForEncodings = 0;
			knownRegions = (
				en,
				Base,
			);
			mainGroup = 77B862711FD3EA0800C8CFE0;
			productRefGroup = 77B8627B1FD3EA0800C8CFE0 /* Products */;
			projectDirPath = "";
			projectRoot = "";
			targets = (
				77B862791FD3EA0800C8CFE0 /* iOS Components */,
			);
		};
/* End PBXProject section */

/* Begin PBXResourcesBuildPhase section */
		77B862781FD3EA0800C8CFE0 /* Resources */ = {
			isa = PBXResourcesBuildPhase;
			buildActionMask = 2147483647;
			files = (
				77B8628B1FD3EA0800C8CFE0 /* LaunchScreen.storyboard in Resources */,
				77B862881FD3EA0800C8CFE0 /* Assets.xcassets in Resources */,
				77B862831FD3EA0800C8CFE0 /* Main.storyboard in Resources */,
			);
			runOnlyForDeploymentPostprocessing = 0;
		};
/* End PBXResourcesBuildPhase section */

/* Begin PBXShellScriptBuildPhase section */
		414061A27493CDFD036A7F92 /* [CP] Embed Pods Frameworks */ = {
			isa = PBXShellScriptBuildPhase;
			buildActionMask = 2147483647;
			files = (
			);
			inputPaths = (
				"${SRCROOT}/Pods/Target Support Files/Pods-iOS Components/Pods-iOS Components-frameworks.sh",
				"${BUILT_PRODUCTS_DIR}/Device/Device.framework",
				"${BUILT_PRODUCTS_DIR}/SwiftTheme/SwiftTheme.framework",
			);
			name = "[CP] Embed Pods Frameworks";
			outputPaths = (
				"${TARGET_BUILD_DIR}/${FRAMEWORKS_FOLDER_PATH}/Device.framework",
				"${TARGET_BUILD_DIR}/${FRAMEWORKS_FOLDER_PATH}/SwiftTheme.framework",
			);
			runOnlyForDeploymentPostprocessing = 0;
			shellPath = /bin/sh;
			shellScript = "\"${SRCROOT}/Pods/Target Support Files/Pods-iOS Components/Pods-iOS Components-frameworks.sh\"\n";
			showEnvVarsInLog = 0;
		};
		E4F629A544A28ADB03E05544 /* [CP] Copy Pods Resources */ = {
			isa = PBXShellScriptBuildPhase;
			buildActionMask = 2147483647;
			files = (
			);
			inputPaths = (
			);
			name = "[CP] Copy Pods Resources";
			outputPaths = (
			);
			runOnlyForDeploymentPostprocessing = 0;
			shellPath = /bin/sh;
			shellScript = "\"${SRCROOT}/Pods/Target Support Files/Pods-iOS Components/Pods-iOS Components-resources.sh\"\n";
			showEnvVarsInLog = 0;
		};
		E6BD200363FE296F4D4D4C4E /* [CP] Check Pods Manifest.lock */ = {
			isa = PBXShellScriptBuildPhase;
			buildActionMask = 2147483647;
			files = (
			);
			inputPaths = (
				"${PODS_PODFILE_DIR_PATH}/Podfile.lock",
				"${PODS_ROOT}/Manifest.lock",
			);
			name = "[CP] Check Pods Manifest.lock";
			outputPaths = (
				"$(DERIVED_FILE_DIR)/Pods-iOS Components-checkManifestLockResult.txt",
			);
			runOnlyForDeploymentPostprocessing = 0;
			shellPath = /bin/sh;
			shellScript = "diff \"${PODS_PODFILE_DIR_PATH}/Podfile.lock\" \"${PODS_ROOT}/Manifest.lock\" > /dev/null\nif [ $? != 0 ] ; then\n    # print error to STDERR\n    echo \"error: The sandbox is not in sync with the Podfile.lock. Run 'pod install' or update your CocoaPods installation.\" >&2\n    exit 1\nfi\n# This output is used by Xcode 'outputs' to avoid re-running this script phase.\necho \"SUCCESS\" > \"${SCRIPT_OUTPUT_FILE_0}\"\n";
			showEnvVarsInLog = 0;
		};
/* End PBXShellScriptBuildPhase section */

/* Begin PBXSourcesBuildPhase section */
		77B862761FD3EA0800C8CFE0 /* Sources */ = {
			isa = PBXSourcesBuildPhase;
			buildActionMask = 2147483647;
			files = (
				77F1FB111FD9967D001E32B6 /* ScrollTextViewVC.swift in Sources */,
				77B862CA1FD3EDFD00C8CFE0 /* MasterTVController.swift in Sources */,
				77B862E11FD3F42200C8CFE0 /* BaseLabel.swift in Sources */,
				77B862B21FD3EC9400C8CFE0 /* HorizontalCVCell.swift in Sources */,
				77B862EC1FD400F300C8CFE0 /* OuterTVController.swift in Sources */,
				77B862B61FD3ECB600C8CFE0 /* BasicViewController.swift in Sources */,
				77B862BE1FD3ED2700C8CFE0 /* ScrollViewController.swift in Sources */,
				77B862DA1FD3F3B500C8CFE0 /* UILabel.swift in Sources */,
				77B862AE1FD3EC6800C8CFE0 /* VerticalCVController.swift in Sources */,
				77B862AC1FD3EC2900C8CFE0 /* DynamicTVCell.swift in Sources */,
				77B862A91FD3EC0800C8CFE0 /* DynamicTVController.swift in Sources */,
				77B862BC1FD3ED1B00C8CFE0 /* NavigationView.swift in Sources */,
				77B862B01FD3EC8400C8CFE0 /* VerticalCVCell.swift in Sources */,
				77B862E21FD3F42200C8CFE0 /* BaseCell.swift in Sources */,
				77B862EE1FD4010000C8CFE0 /* OuterTVCell.swift in Sources */,
				77B862CC1FD3EE0C00C8CFE0 /* MasterTVCell.swift in Sources */,
				77B862E01FD3F42200C8CFE0 /* BaseButton.swift in Sources */,
				77B862E81FD4004300C8CFE0 /* OuterCVController.swift in Sources */,
				77B862D71FD3F3B500C8CFE0 /* String.swift in Sources */,
				77B862EA1FD4005300C8CFE0 /* OuterCVCell.swift in Sources */,
				77F1FB151FD9B217001E32B6 /* PageController.swift in Sources */,
				77B862E51FD3F9C600C8CFE0 /* Helper.swift in Sources */,
				77B862D91FD3F3B500C8CFE0 /* UIColor.swift in Sources */,
				77B862861FD3EA0800C8CFE0 /* iOS_Components.xcdatamodeld in Sources */,
				77B862A41FD3EBCC00C8CFE0 /* StaticTVController.swift in Sources */,
				77B862D81FD3F3B500C8CFE0 /* UIButton.swift in Sources */,
				77B862C21FD3ED3800C8CFE0 /* PickerViewController.swift in Sources */,
				77F1FB0F1FD9966B001E32B6 /* ScrollLabelVC.swift in Sources */,
				77B862CF1FD3EF9700C8CFE0 /* HelperClass.swift in Sources */,
				77B862DB1FD3F3B500C8CFE0 /* UIViewController.swift in Sources */,
				77B862B81FD3ECD600C8CFE0 /* TabBarViewController.swift in Sources */,
				77B862C41FD3ED5000C8CFE0 /* WebktViewController.swift in Sources */,
				77B862C01FD3ED2E00C8CFE0 /* TextViewController.swift in Sources */,
				77F1FB131FD9B1C4001E32B6 /* ContentVC.swift in Sources */,
				77B862B41FD3ECA700C8CFE0 /* HorizontalCVController.swift in Sources */,
				77B8627E1FD3EA0800C8CFE0 /* AppDelegate.swift in Sources */,
			);
			runOnlyForDeploymentPostprocessing = 0;
		};
/* End PBXSourcesBuildPhase section */

/* Begin PBXVariantGroup section */
		77B862811FD3EA0800C8CFE0 /* Main.storyboard */ = {
			isa = PBXVariantGroup;
			children = (
				77B862821FD3EA0800C8CFE0 /* Base */,
			);
			name = Main.storyboard;
			sourceTree = "<group>";
		};
		77B862891FD3EA0800C8CFE0 /* LaunchScreen.storyboard */ = {
			isa = PBXVariantGroup;
			children = (
				77B8628A1FD3EA0800C8CFE0 /* Base */,
			);
			name = LaunchScreen.storyboard;
			sourceTree = "<group>";
		};
/* End PBXVariantGroup section */

/* Begin XCBuildConfiguration section */
		77B8628D1FD3EA0800C8CFE0 /* Debug */ = {
			isa = XCBuildConfiguration;
			buildSettings = {
				ALWAYS_SEARCH_USER_PATHS = NO;
				CLANG_ANALYZER_NONNULL = YES;
				CLANG_ANALYZER_NUMBER_OBJECT_CONVERSION = YES_AGGRESSIVE;
				CLANG_CXX_LANGUAGE_STANDARD = "gnu++14";
				CLANG_CXX_LIBRARY = "libc++";
				CLANG_ENABLE_MODULES = YES;
				CLANG_ENABLE_OBJC_ARC = YES;
				CLANG_WARN_BLOCK_CAPTURE_AUTORELEASING = YES;
				CLANG_WARN_BOOL_CONVERSION = YES;
				CLANG_WARN_COMMA = YES;
				CLANG_WARN_CONSTANT_CONVERSION = YES;
				CLANG_WARN_DIRECT_OBJC_ISA_USAGE = YES_ERROR;
				CLANG_WARN_DOCUMENTATION_COMMENTS = YES;
				CLANG_WARN_EMPTY_BODY = YES;
				CLANG_WARN_ENUM_CONVERSION = YES;
				CLANG_WARN_INFINITE_RECURSION = YES;
				CLANG_WARN_INT_CONVERSION = YES;
				CLANG_WARN_NON_LITERAL_NULL_CONVERSION = YES;
				CLANG_WARN_OBJC_LITERAL_CONVERSION = YES;
				CLANG_WARN_OBJC_ROOT_CLASS = YES_ERROR;
				CLANG_WARN_RANGE_LOOP_ANALYSIS = YES;
				CLANG_WARN_STRICT_PROTOTYPES = YES;
				CLANG_WARN_SUSPICIOUS_MOVE = YES;
				CLANG_WARN_UNGUARDED_AVAILABILITY = YES_AGGRESSIVE;
				CLANG_WARN_UNREACHABLE_CODE = YES;
				CLANG_WARN__DUPLICATE_METHOD_MATCH = YES;
				CODE_SIGN_IDENTITY = "iPhone Developer";
				COPY_PHASE_STRIP = NO;
				DEBUG_INFORMATION_FORMAT = dwarf;
				ENABLE_STRICT_OBJC_MSGSEND = YES;
				ENABLE_TESTABILITY = YES;
				GCC_C_LANGUAGE_STANDARD = gnu11;
				GCC_DYNAMIC_NO_PIC = NO;
				GCC_NO_COMMON_BLOCKS = YES;
				GCC_OPTIMIZATION_LEVEL = 0;
				GCC_PREPROCESSOR_DEFINITIONS = (
					"DEBUG=1",
					"$(inherited)",
				);
				GCC_WARN_64_TO_32_BIT_CONVERSION = YES;
				GCC_WARN_ABOUT_RETURN_TYPE = YES_ERROR;
				GCC_WARN_UNDECLARED_SELECTOR = YES;
				GCC_WARN_UNINITIALIZED_AUTOS = YES_AGGRESSIVE;
				GCC_WARN_UNUSED_FUNCTION = YES;
				GCC_WARN_UNUSED_VARIABLE = YES;
				IPHONEOS_DEPLOYMENT_TARGET = 11.1;
				MTL_ENABLE_DEBUG_INFO = YES;
				ONLY_ACTIVE_ARCH = YES;
				SDKROOT = iphoneos;
				SWIFT_ACTIVE_COMPILATION_CONDITIONS = DEBUG;
				SWIFT_OPTIMIZATION_LEVEL = "-Onone";
			};
			name = Debug;
		};
		77B8628E1FD3EA0800C8CFE0 /* Release */ = {
			isa = XCBuildConfiguration;
			buildSettings = {
				ALWAYS_SEARCH_USER_PATHS = NO;
				CLANG_ANALYZER_NONNULL = YES;
				CLANG_ANALYZER_NUMBER_OBJECT_CONVERSION = YES_AGGRESSIVE;
				CLANG_CXX_LANGUAGE_STANDARD = "gnu++14";
				CLANG_CXX_LIBRARY = "libc++";
				CLANG_ENABLE_MODULES = YES;
				CLANG_ENABLE_OBJC_ARC = YES;
				CLANG_WARN_BLOCK_CAPTURE_AUTORELEASING = YES;
				CLANG_WARN_BOOL_CONVERSION = YES;
				CLANG_WARN_COMMA = YES;
				CLANG_WARN_CONSTANT_CONVERSION = YES;
				CLANG_WARN_DIRECT_OBJC_ISA_USAGE = YES_ERROR;
				CLANG_WARN_DOCUMENTATION_COMMENTS = YES;
				CLANG_WARN_EMPTY_BODY = YES;
				CLANG_WARN_ENUM_CONVERSION = YES;
				CLANG_WARN_INFINITE_RECURSION = YES;
				CLANG_WARN_INT_CONVERSION = YES;
				CLANG_WARN_NON_LITERAL_NULL_CONVERSION = YES;
				CLANG_WARN_OBJC_LITERAL_CONVERSION = YES;
				CLANG_WARN_OBJC_ROOT_CLASS = YES_ERROR;
				CLANG_WARN_RANGE_LOOP_ANALYSIS = YES;
				CLANG_WARN_STRICT_PROTOTYPES = YES;
				CLANG_WARN_SUSPICIOUS_MOVE = YES;
				CLANG_WARN_UNGUARDED_AVAILABILITY = YES_AGGRESSIVE;
				CLANG_WARN_UNREACHABLE_CODE = YES;
				CLANG_WARN__DUPLICATE_METHOD_MATCH = YES;
				CODE_SIGN_IDENTITY = "iPhone Developer";
				COPY_PHASE_STRIP = NO;
				DEBUG_INFORMATION_FORMAT = "dwarf-with-dsym";
				ENABLE_NS_ASSERTIONS = NO;
				ENABLE_STRICT_OBJC_MSGSEND = YES;
				GCC_C_LANGUAGE_STANDARD = gnu11;
				GCC_NO_COMMON_BLOCKS = YES;
				GCC_WARN_64_TO_32_BIT_CONVERSION = YES;
				GCC_WARN_ABOUT_RETURN_TYPE = YES_ERROR;
				GCC_WARN_UNDECLARED_SELECTOR = YES;
				GCC_WARN_UNINITIALIZED_AUTOS = YES_AGGRESSIVE;
				GCC_WARN_UNUSED_FUNCTION = YES;
				GCC_WARN_UNUSED_VARIABLE = YES;
				IPHONEOS_DEPLOYMENT_TARGET = 11.1;
				MTL_ENABLE_DEBUG_INFO = NO;
				SDKROOT = iphoneos;
				SWIFT_OPTIMIZATION_LEVEL = "-Owholemodule";
				VALIDATE_PRODUCT = YES;
			};
			name = Release;
		};
		77B862901FD3EA0800C8CFE0 /* Debug */ = {
			isa = XCBuildConfiguration;
			baseConfigurationReference = 2FCF0CC61822E7600778101C /* Pods-iOS Components.debug.xcconfig */;
			buildSettings = {
				ASSETCATALOG_COMPILER_APPICON_NAME = AppIcon;
				CODE_SIGN_STYLE = Automatic;
				DEVELOPMENT_TEAM = Z35LT3P5PW;
				INFOPLIST_FILE = "iOS Components/Info.plist";
				IPHONEOS_DEPLOYMENT_TARGET = 11.0;
				LD_RUNPATH_SEARCH_PATHS = "$(inherited) @executable_path/Frameworks";
				PRODUCT_BUNDLE_IDENTIFIER = "com.deepak.dewani.iOS-Components";
				PRODUCT_NAME = "$(TARGET_NAME)";
				SWIFT_VERSION = 4.0;
				TARGETED_DEVICE_FAMILY = 1;
			};
			name = Debug;
		};
		77B862911FD3EA0800C8CFE0 /* Release */ = {
			isa = XCBuildConfiguration;
			baseConfigurationReference = 0F38AED476DECB52D275E4EF /* Pods-iOS Components.release.xcconfig */;
			buildSettings = {
				ASSETCATALOG_COMPILER_APPICON_NAME = AppIcon;
				CODE_SIGN_STYLE = Automatic;
				DEVELOPMENT_TEAM = Z35LT3P5PW;
				INFOPLIST_FILE = "iOS Components/Info.plist";
				IPHONEOS_DEPLOYMENT_TARGET = 11.0;
				LD_RUNPATH_SEARCH_PATHS = "$(inherited) @executable_path/Frameworks";
				PRODUCT_BUNDLE_IDENTIFIER = "com.deepak.dewani.iOS-Components";
				PRODUCT_NAME = "$(TARGET_NAME)";
				SWIFT_VERSION = 4.0;
				TARGETED_DEVICE_FAMILY = 1;
			};
			name = Release;
		};
/* End XCBuildConfiguration section */

/* Begin XCConfigurationList section */
		77B862751FD3EA0800C8CFE0 /* Build configuration list for PBXProject "iOS Components" */ = {
			isa = XCConfigurationList;
			buildConfigurations = (
				77B8628D1FD3EA0800C8CFE0 /* Debug */,
				77B8628E1FD3EA0800C8CFE0 /* Release */,
			);
			defaultConfigurationIsVisible = 0;
			defaultConfigurationName = Release;
		};
		77B8628F1FD3EA0800C8CFE0 /* Build configuration list for PBXNativeTarget "iOS Components" */ = {
			isa = XCConfigurationList;
			buildConfigurations = (
				77B862901FD3EA0800C8CFE0 /* Debug */,
				77B862911FD3EA0800C8CFE0 /* Release */,
			);
			defaultConfigurationIsVisible = 0;
			defaultConfigurationName = Release;
		};
/* End XCConfigurationList section */

/* Begin XCVersionGroup section */
		77B862841FD3EA0800C8CFE0 /* iOS_Components.xcdatamodeld */ = {
			isa = XCVersionGroup;
			children = (
				77B862851FD3EA0800C8CFE0 /* iOS_Components.xcdatamodel */,
			);
			currentVersion = 77B862851FD3EA0800C8CFE0 /* iOS_Components.xcdatamodel */;
			path = iOS_Components.xcdatamodeld;
			sourceTree = "<group>";
			versionGroupType = wrapper.xcdatamodel;
		};
/* End XCVersionGroup section */
	};
	rootObject = 77B862721FD3EA0800C8CFE0 /* Project object */;
}
